
Microsoft Visual Studio Solution File, Format Version 12.00
# Visual Studio Version 16
VisualStudioVersion = 16.0.30204.135
MinimumVisualStudioVersion = 10.0.40219.1
Project("{FAE04EC0-301F-11D3-BF4B-00C04F79EFBC}") = "NamadBourse", "NamadBourse\NamadBourse.csproj", "{C7773F11-A768-4282-8F95-07A7B1E47C8A}"
EndProject
Global
	GlobalSection(SolutionConfigurationPlatforms) = preSolution
		Debug|Any CPU = Debug|Any CPU
		Release|Any CPU = Release|Any CPU
	EndGlobalSection
	GlobalSection(ProjectConfigurationPlatforms) = postSolution
		{C7773F11-A768-4282-8F95-07A7B1E47C8A}.Debug|Any CPU.ActiveCfg = Debug|Any CPU
		{C7773F11-A768-4282-8F95-07A7B1E47C8A}.Debug|Any CPU.Build.0 = Debug|Any CPU
		{C7773F11-A768-4282-8F95-07A7B1E47C8A}.Release|Any CPU.ActiveCfg = Release|Any CPU
		{C7773F11-A768-4282-8F95-07A7B1E47C8A}.Release|Any CPU.Build.0 = Release|Any CPU
	EndGlobalSection
	GlobalSection(SolutionProperties) = preSolution
		HideSolutionNode = FALSE
	EndGlobalSection
	GlobalSection(ExtensibilityGlobals) = postSolution
		SolutionGuid = {381246E8-C244-4579-AE5A-E138DCF63F4B}
	EndGlobalSection
EndGlobal
